
Microsoft Visual Studio Solution File, Format Version 12.00
# Visual Studio Version 16
VisualStudioVersion = 16.0.31129.286
MinimumVisualStudioVersion = 10.0.40219.1
Project("{2150E333-8FDC-42A3-9474-1A3956D46DE8}") = "HtmlOrm", "HtmlOrm", "{86865884-7277-4EE6-A4CE-EA08C1844181}"
EndProject
Project("{2150E333-8FDC-42A3-9474-1A3956D46DE8}") = "Samples", "Samples", "{ACCA45B9-82FA-4046-80B0-37ED488D16F9}"
EndProject
Project("{9A19103F-16F7-4668-BE54-9A1E7A4F7556}") = "Wingsoft.HtmlOrm", "Wingsoft.HtmlOrm\Wingsoft.HtmlOrm.csproj", "{02DA8D2E-4B8C-42AB-A737-4C37D9BCC068}"
EndProject
Project("{9A19103F-16F7-4668-BE54-9A1E7A4F7556}") = "Wingsoft.HtmlOrm.Demo", "Wingsoft.HtmlOrm.Demo\Wingsoft.HtmlOrm.Demo.csproj", "{A37B60F6-8504-48CA-883D-13F2543C28E1}"
EndProject
Project("{9A19103F-16F7-4668-BE54-9A1E7A4F7556}") = "Wingsoft.Mfa.Gov.Passport", "Wingsoft.Mfa.Gov.Passport\Wingsoft.Mfa.Gov.Passport.csproj", "{826AE4CB-9BD9-4A13-86AF-883A7ECEAE55}"
EndProject
Project("{9A19103F-16F7-4668-BE54-9A1E7A4F7556}") = "Wingsoft.HtmlOrm.Fanza", "Wingsoft.HtmlOrm.Fanza\Wingsoft.HtmlOrm.Fanza.csproj", "{5AB82939-22F7-4543-ACA0-3063922E4655}"
EndProject
Project("{9A19103F-16F7-4668-BE54-9A1E7A4F7556}") = "Wingsoft.HtmlOrm.GgBases", "Wingsoft.HtmlOrm.GgBases\Wingsoft.HtmlOrm.GgBases.csproj", "{77E7B642-780E-49F1-9CC5-F736ACA6BA9E}"
EndProject
Project("{9A19103F-16F7-4668-BE54-9A1E7A4F7556}") = "Wingsoft.HtmlOrm.VanillaRock", "Wingsoft.HtmlOrm.VanillaRock\Wingsoft.HtmlOrm.VanillaRock.csproj", "{050104AB-A6E3-4255-951E-D1BA02E35BC6}"
EndProject
Global
	GlobalSection(SolutionConfigurationPlatforms) = preSolution
		Debug|Any CPU = Debug|Any CPU
		Debug|ARM = Debug|ARM
		Debug|ARM64 = Debug|ARM64
		Debug|x64 = Debug|x64
		Debug|x86 = Debug|x86
		Release|Any CPU = Release|Any CPU
		Release|ARM = Release|ARM
		Release|ARM64 = Release|ARM64
		Release|x64 = Release|x64
		Release|x86 = Release|x86
	EndGlobalSection
	GlobalSection(ProjectConfigurationPlatforms) = postSolution
		{02DA8D2E-4B8C-42AB-A737-4C37D9BCC068}.Debug|Any CPU.ActiveCfg = Debug|Any CPU
		{02DA8D2E-4B8C-42AB-A737-4C37D9BCC068}.Debug|Any CPU.Build.0 = Debug|Any CPU
		{02DA8D2E-4B8C-42AB-A737-4C37D9BCC068}.Debug|ARM.ActiveCfg = Debug|Any CPU
		{02DA8D2E-4B8C-42AB-A737-4C37D9BCC068}.Debug|ARM.Build.0 = Debug|Any CPU
		{02DA8D2E-4B8C-42AB-A737-4C37D9BCC068}.Debug|ARM64.ActiveCfg = Debug|Any CPU
		{02DA8D2E-4B8C-42AB-A737-4C37D9BCC068}.Debug|ARM64.Build.0 = Debug|Any CPU
		{02DA8D2E-4B8C-42AB-A737-4C37D9BCC068}.Debug|x64.ActiveCfg = Debug|Any CPU
		{02DA8D2E-4B8C-42AB-A737-4C37D9BCC068}.Debug|x64.Build.0 = Debug|Any CPU
		{02DA8D2E-4B8C-42AB-A737-4C37D9BCC068}.Debug|x86.ActiveCfg = Debug|Any CPU
		{02DA8D2E-4B8C-42AB-A737-4C37D9BCC068}.Debug|x86.Build.0 = Debug|Any CPU
		{02DA8D2E-4B8C-42AB-A737-4C37D9BCC068}.Release|Any CPU.ActiveCfg = Release|Any CPU
		{02DA8D2E-4B8C-42AB-A737-4C37D9BCC068}.Release|Any CPU.Build.0 = Release|Any CPU
		{02DA8D2E-4B8C-42AB-A737-4C37D9BCC068}.Release|ARM.ActiveCfg = Release|Any CPU
		{02DA8D2E-4B8C-42AB-A737-4C37D9BCC068}.Release|ARM.Build.0 = Release|Any CPU
		{02DA8D2E-4B8C-42AB-A737-4C37D9BCC068}.Release|ARM64.ActiveCfg = Release|Any CPU
		{02DA8D2E-4B8C-42AB-A737-4C37D9BCC068}.Release|ARM64.Build.0 = Release|Any CPU
		{02DA8D2E-4B8C-42AB-A737-4C37D9BCC068}.Release|x64.ActiveCfg = Release|Any CPU
		{02DA8D2E-4B8C-42AB-A737-4C37D9BCC068}.Release|x64.Build.0 = Release|Any CPU
		{02DA8D2E-4B8C-42AB-A737-4C37D9BCC068}.Release|x86.ActiveCfg = Release|Any CPU
		{02DA8D2E-4B8C-42AB-A737-4C37D9BCC068}.Release|x86.Build.0 = Release|Any CPU
		{A37B60F6-8504-48CA-883D-13F2543C28E1}.Debug|Any CPU.ActiveCfg = Debug|Any CPU
		{A37B60F6-8504-48CA-883D-13F2543C28E1}.Debug|Any CPU.Build.0 = Debug|Any CPU
		{A37B60F6-8504-48CA-883D-13F2543C28E1}.Debug|ARM.ActiveCfg = Debug|Any CPU
		{A37B60F6-8504-48CA-883D-13F2543C28E1}.Debug|ARM.Build.0 = Debug|Any CPU
		{A37B60F6-8504-48CA-883D-13F2543C28E1}.Debug|ARM64.ActiveCfg = Debug|Any CPU
		{A37B60F6-8504-48CA-883D-13F2543C28E1}.Debug|ARM64.Build.0 = Debug|Any CPU
		{A37B60F6-8504-48CA-883D-13F2543C28E1}.Debug|x64.ActiveCfg = Debug|Any CPU
		{A37B60F6-8504-48CA-883D-13F2543C28E1}.Debug|x64.Build.0 = Debug|Any CPU
		{A37B60F6-8504-48CA-883D-13F2543C28E1}.Debug|x86.ActiveCfg = Debug|Any CPU
		{A37B60F6-8504-48CA-883D-13F2543C28E1}.Debug|x86.Build.0 = Debug|Any CPU
		{A37B60F6-8504-48CA-883D-13F2543C28E1}.Release|Any CPU.ActiveCfg = Release|Any CPU
		{A37B60F6-8504-48CA-883D-13F2543C28E1}.Release|Any CPU.Build.0 = Release|Any CPU
		{A37B60F6-8504-48CA-883D-13F2543C28E1}.Release|ARM.ActiveCfg = Release|Any CPU
		{A37B60F6-8504-48CA-883D-13F2543C28E1}.Release|ARM.Build.0 = Release|Any CPU
		{A37B60F6-8504-48CA-883D-13F2543C28E1}.Release|ARM64.ActiveCfg = Release|Any CPU
		{A37B60F6-8504-48CA-883D-13F2543C28E1}.Release|ARM64.Build.0 = Release|Any CPU
		{A37B60F6-8504-48CA-883D-13F2543C28E1}.Release|x64.ActiveCfg = Release|Any CPU
		{A37B60F6-8504-48CA-883D-13F2543C28E1}.Release|x64.Build.0 = Release|Any CPU
		{A37B60F6-8504-48CA-883D-13F2543C28E1}.Release|x86.ActiveCfg = Release|Any CPU
		{A37B60F6-8504-48CA-883D-13F2543C28E1}.Release|x86.Build.0 = Release|Any CPU
		{826AE4CB-9BD9-4A13-86AF-883A7ECEAE55}.Debug|Any CPU.ActiveCfg = Debug|Any CPU
		{826AE4CB-9BD9-4A13-86AF-883A7ECEAE55}.Debug|Any CPU.Build.0 = Debug|Any CPU
		{826AE4CB-9BD9-4A13-86AF-883A7ECEAE55}.Debug|ARM.ActiveCfg = Debug|Any CPU
		{826AE4CB-9BD9-4A13-86AF-883A7ECEAE55}.Debug|ARM.Build.0 = Debug|Any CPU
		{826AE4CB-9BD9-4A13-86AF-883A7ECEAE55}.Debug|ARM64.ActiveCfg = Debug|Any CPU
		{826AE4CB-9BD9-4A13-86AF-883A7ECEAE55}.Debug|ARM64.Build.0 = Debug|Any CPU
		{826AE4CB-9BD9-4A13-86AF-883A7ECEAE55}.Debug|x64.ActiveCfg = Debug|Any CPU
		{826AE4CB-9BD9-4A13-86AF-883A7ECEAE55}.Debug|x64.Build.0 = Debug|Any CPU
		{826AE4CB-9BD9-4A13-86AF-883A7ECEAE55}.Debug|x86.ActiveCfg = Debug|Any CPU
		{826AE4CB-9BD9-4A13-86AF-883A7ECEAE55}.Debug|x86.Build.0 = Debug|Any CPU
		{826AE4CB-9BD9-4A13-86AF-883A7ECEAE55}.Release|Any CPU.ActiveCfg = Release|Any CPU
		{826AE4CB-9BD9-4A13-86AF-883A7ECEAE55}.Release|Any CPU.Build.0 = Release|Any CPU
		{826AE4CB-9BD9-4A13-86AF-883A7ECEAE55}.Release|ARM.ActiveCfg = Release|Any CPU
		{826AE4CB-9BD9-4A13-86AF-883A7ECEAE55}.Release|ARM.Build.0 = Release|Any CPU
		{826AE4CB-9BD9-4A13-86AF-883A7ECEAE55}.Release|ARM64.ActiveCfg = Release|Any CPU
		{826AE4CB-9BD9-4A13-86AF-883A7ECEAE55}.Release|ARM64.Build.0 = Release|Any CPU
		{826AE4CB-9BD9-4A13-86AF-883A7ECEAE55}.Release|x64.ActiveCfg = Release|Any CPU
		{826AE4CB-9BD9-4A13-86AF-883A7ECEAE55}.Release|x64.Build.0 = Release|Any CPU
		{826AE4CB-9BD9-4A13-86AF-883A7ECEAE55}.Release|x86.ActiveCfg = Release|Any CPU
		{826AE4CB-9BD9-4A13-86AF-883A7ECEAE55}.Release|x86.Build.0 = Release|Any CPU
		{5AB82939-22F7-4543-ACA0-3063922E4655}.Debug|Any CPU.ActiveCfg = Debug|Any CPU
		{5AB82939-22F7-4543-ACA0-3063922E4655}.Debug|Any CPU.Build.0 = Debug|Any CPU
		{5AB82939-22F7-4543-ACA0-3063922E4655}.Debug|ARM.ActiveCfg = Debug|Any CPU
		{5AB82939-22F7-4543-ACA0-3063922E4655}.Debug|ARM.Build.0 = Debug|Any CPU
		{5AB82939-22F7-4543-ACA0-3063922E4655}.Debug|ARM64.ActiveCfg = Debug|Any CPU
		{5AB82939-22F7-4543-ACA0-3063922E4655}.Debug|ARM64.Build.0 = Debug|Any CPU
		{5AB82939-22F7-4543-ACA0-3063922E4655}.Debug|x64.ActiveCfg = Debug|Any CPU
		{5AB82939-22F7-4543-ACA0-3063922E4655}.Debug|x64.Build.0 = Debug|Any CPU
		{5AB82939-22F7-4543-ACA0-3063922E4655}.Debug|x86.ActiveCfg = Debug|Any CPU
		{5AB82939-22F7-4543-ACA0-3063922E4655}.Debug|x86.Build.0 = Debug|Any CPU
		{5AB82939-22F7-4543-ACA0-3063922E4655}.Release|Any CPU.ActiveCfg = Release|Any CPU
		{5AB82939-22F7-4543-ACA0-3063922E4655}.Release|Any CPU.Build.0 = Release|Any CPU
		{5AB82939-22F7-4543-ACA0-3063922E4655}.Release|ARM.ActiveCfg = Release|Any CPU
		{5AB82939-22F7-4543-ACA0-3063922E4655}.Release|ARM.Build.0 = Release|Any CPU
		{5AB82939-22F7-4543-ACA0-3063922E4655}.Release|ARM64.ActiveCfg = Release|Any CPU
		{5AB82939-22F7-4543-ACA0-3063922E4655}.Release|ARM64.Build.0 = Release|Any CPU
		{5AB82939-22F7-4543-ACA0-3063922E4655}.Release|x64.ActiveCfg = Release|Any CPU
		{5AB82939-22F7-4543-ACA0-3063922E4655}.Release|x64.Build.0 = Release|Any CPU
		{5AB82939-22F7-4543-ACA0-3063922E4655}.Release|x86.ActiveCfg = Release|Any CPU
		{5AB82939-22F7-4543-ACA0-3063922E4655}.Release|x86.Build.0 = Release|Any CPU
		{77E7B642-780E-49F1-9CC5-F736ACA6BA9E}.Debug|Any CPU.ActiveCfg = Debug|Any CPU
		{77E7B642-780E-49F1-9CC5-F736ACA6BA9E}.Debug|Any CPU.Build.0 = Debug|Any CPU
		{77E7B642-780E-49F1-9CC5-F736ACA6BA9E}.Debug|ARM.ActiveCfg = Debug|Any CPU
		{77E7B642-780E-49F1-9CC5-F736ACA6BA9E}.Debug|ARM.Build.0 = Debug|Any CPU
		{77E7B642-780E-49F1-9CC5-F736ACA6BA9E}.Debug|ARM64.ActiveCfg = Debug|Any CPU
		{77E7B642-780E-49F1-9CC5-F736ACA6BA9E}.Debug|ARM64.Build.0 = Debug|Any CPU
		{77E7B642-780E-49F1-9CC5-F736ACA6BA9E}.Debug|x64.ActiveCfg = Debug|Any CPU
		{77E7B642-780E-49F1-9CC5-F736ACA6BA9E}.Debug|x64.Build.0 = Debug|Any CPU
		{77E7B642-780E-49F1-9CC5-F736ACA6BA9E}.Debug|x86.ActiveCfg = Debug|Any CPU
		{77E7B642-780E-49F1-9CC5-F736ACA6BA9E}.Debug|x86.Build.0 = Debug|Any CPU
		{77E7B642-780E-49F1-9CC5-F736ACA6BA9E}.Release|Any CPU.ActiveCfg = Release|Any CPU
		{77E7B642-780E-49F1-9CC5-F736ACA6BA9E}.Release|Any CPU.Build.0 = Release|Any CPU
		{77E7B642-780E-49F1-9CC5-F736ACA6BA9E}.Release|ARM.ActiveCfg = Release|Any CPU
		{77E7B642-780E-49F1-9CC5-F736ACA6BA9E}.Release|ARM.Build.0 = Release|Any CPU
		{77E7B642-780E-49F1-9CC5-F736ACA6BA9E}.Release|ARM64.ActiveCfg = Release|Any CPU
		{77E7B642-780E-49F1-9CC5-F736ACA6BA9E}.Release|ARM64.Build.0 = Release|Any CPU
		{77E7B642-780E-49F1-9CC5-F736ACA6BA9E}.Release|x64.ActiveCfg = Release|Any CPU
		{77E7B642-780E-49F1-9CC5-F736ACA6BA9E}.Release|x64.Build.0 = Release|Any CPU
		{77E7B642-780E-49F1-9CC5-F736ACA6BA9E}.Release|x86.ActiveCfg = Release|Any CPU
		{77E7B642-780E-49F1-9CC5-F736ACA6BA9E}.Release|x86.Build.0 = Release|Any CPU
		{050104AB-A6E3-4255-951E-D1BA02E35BC6}.Debug|Any CPU.ActiveCfg = Debug|Any CPU
		{050104AB-A6E3-4255-951E-D1BA02E35BC6}.Debug|Any CPU.Build.0 = Debug|Any CPU
		{050104AB-A6E3-4255-951E-D1BA02E35BC6}.Debug|ARM.ActiveCfg = Debug|Any CPU
		{050104AB-A6E3-4255-951E-D1BA02E35BC6}.Debug|ARM.Build.0 = Debug|Any CPU
		{050104AB-A6E3-4255-951E-D1BA02E35BC6}.Debug|ARM64.ActiveCfg = Debug|Any CPU
		{050104AB-A6E3-4255-951E-D1BA02E35BC6}.Debug|ARM64.Build.0 = Debug|Any CPU
		{050104AB-A6E3-4255-951E-D1BA02E35BC6}.Debug|x64.ActiveCfg = Debug|Any CPU
		{050104AB-A6E3-4255-951E-D1BA02E35BC6}.Debug|x64.Build.0 = Debug|Any CPU
		{050104AB-A6E3-4255-951E-D1BA02E35BC6}.Debug|x86.ActiveCfg = Debug|Any CPU
		{050104AB-A6E3-4255-951E-D1BA02E35BC6}.Debug|x86.Build.0 = Debug|Any CPU
		{050104AB-A6E3-4255-951E-D1BA02E35BC6}.Release|Any CPU.ActiveCfg = Release|Any CPU
		{050104AB-A6E3-4255-951E-D1BA02E35BC6}.Release|Any CPU.Build.0 = Release|Any CPU
		{050104AB-A6E3-4255-951E-D1BA02E35BC6}.Release|ARM.ActiveCfg = Release|Any CPU
		{050104AB-A6E3-4255-951E-D1BA02E35BC6}.Release|ARM.Build.0 = Release|Any CPU
		{050104AB-A6E3-4255-951E-D1BA02E35BC6}.Release|ARM64.ActiveCfg = Release|Any CPU
		{050104AB-A6E3-4255-951E-D1BA02E35BC6}.Release|ARM64.Build.0 = Release|Any CPU
		{050104AB-A6E3-4255-951E-D1BA02E35BC6}.Release|x64.ActiveCfg = Release|Any CPU
		{050104AB-A6E3-4255-951E-D1BA02E35BC6}.Release|x64.Build.0 = Release|Any CPU
		{050104AB-A6E3-4255-951E-D1BA02E35BC6}.Release|x86.ActiveCfg = Release|Any CPU
		{050104AB-A6E3-4255-951E-D1BA02E35BC6}.Release|x86.Build.0 = Release|Any CPU
	EndGlobalSection
	GlobalSection(SolutionProperties) = preSolution
		HideSolutionNode = FALSE
	EndGlobalSection
	GlobalSection(NestedProjects) = preSolution
		{02DA8D2E-4B8C-42AB-A737-4C37D9BCC068} = {86865884-7277-4EE6-A4CE-EA08C1844181}
		{A37B60F6-8504-48CA-883D-13F2543C28E1} = {86865884-7277-4EE6-A4CE-EA08C1844181}
		{826AE4CB-9BD9-4A13-86AF-883A7ECEAE55} = {ACCA45B9-82FA-4046-80B0-37ED488D16F9}
		{5AB82939-22F7-4543-ACA0-3063922E4655} = {ACCA45B9-82FA-4046-80B0-37ED488D16F9}
		{77E7B642-780E-49F1-9CC5-F736ACA6BA9E} = {ACCA45B9-82FA-4046-80B0-37ED488D16F9}
		{050104AB-A6E3-4255-951E-D1BA02E35BC6} = {ACCA45B9-82FA-4046-80B0-37ED488D16F9}
	EndGlobalSection
	GlobalSection(ExtensibilityGlobals) = postSolution
		SolutionGuid = {E23A84B1-6603-475E-9231-B7ED851AB942}
	EndGlobalSection
EndGlobal
